
Microsoft Visual Studio Solution File, Format Version 12.00
# Visual Studio Version 16
VisualStudioVersion = 16.0.29806.167
MinimumVisualStudioVersion = 10.0.40219.1
Project("{9A19103F-16F7-4668-BE54-9A1E7A4F7556}") = "StockTracker.Api", "StockTracker.Api\StockTracker.Api.csproj", "{07539349-28DB-4362-9AD7-34E8E3907CD1}"
EndProject
Project("{9A19103F-16F7-4668-BE54-9A1E7A4F7556}") = "StockTracker.Domain", "StockTracker.Domain\StockTracker.Domain.csproj", "{BA8EC1BA-B7FB-4E1D-8744-58A24D7A2D91}"
EndProject
Project("{9A19103F-16F7-4668-BE54-9A1E7A4F7556}") = "StockTracker.Infra.HttpConsumer", "StockTracker.Infra.HttpConsumer\StockTracker.Infra.HttpConsumer.csproj", "{C29C51F0-8ADD-4048-BBBB-4B57A3F98B54}"
EndProject
Project("{9A19103F-16F7-4668-BE54-9A1E7A4F7556}") = "StockTraker.Infra.DAL", "StockTraker.Infra.DAL\StockTraker.Infra.DAL.csproj", "{1E95C900-AD7A-4804-9735-B9243B93425A}"
EndProject
Project("{FAE04EC0-301F-11D3-BF4B-00C04F79EFBC}") = "StockTracker.Infra.SignalR", "StockTracker.Infra.SignalR\StockTracker.Infra.SignalR.csproj", "{C3131E79-FEFB-488D-98E1-38C6DAAEEB25}"
EndProject
Global
	GlobalSection(SolutionConfigurationPlatforms) = preSolution
		Debug|Any CPU = Debug|Any CPU
		Release|Any CPU = Release|Any CPU
	EndGlobalSection
	GlobalSection(ProjectConfigurationPlatforms) = postSolution
		{07539349-28DB-4362-9AD7-34E8E3907CD1}.Debug|Any CPU.ActiveCfg = Debug|Any CPU
		{07539349-28DB-4362-9AD7-34E8E3907CD1}.Debug|Any CPU.Build.0 = Debug|Any CPU
		{07539349-28DB-4362-9AD7-34E8E3907CD1}.Release|Any CPU.ActiveCfg = Release|Any CPU
		{07539349-28DB-4362-9AD7-34E8E3907CD1}.Release|Any CPU.Build.0 = Release|Any CPU
		{BA8EC1BA-B7FB-4E1D-8744-58A24D7A2D91}.Debug|Any CPU.ActiveCfg = Debug|Any CPU
		{BA8EC1BA-B7FB-4E1D-8744-58A24D7A2D91}.Debug|Any CPU.Build.0 = Debug|Any CPU
		{BA8EC1BA-B7FB-4E1D-8744-58A24D7A2D91}.Release|Any CPU.ActiveCfg = Release|Any CPU
		{BA8EC1BA-B7FB-4E1D-8744-58A24D7A2D91}.Release|Any CPU.Build.0 = Release|Any CPU
		{C29C51F0-8ADD-4048-BBBB-4B57A3F98B54}.Debug|Any CPU.ActiveCfg = Debug|Any CPU
		{C29C51F0-8ADD-4048-BBBB-4B57A3F98B54}.Debug|Any CPU.Build.0 = Debug|Any CPU
		{C29C51F0-8ADD-4048-BBBB-4B57A3F98B54}.Release|Any CPU.ActiveCfg = Release|Any CPU
		{C29C51F0-8ADD-4048-BBBB-4B57A3F98B54}.Release|Any CPU.Build.0 = Release|Any CPU
		{1E95C900-AD7A-4804-9735-B9243B93425A}.Debug|Any CPU.ActiveCfg = Debug|Any CPU
		{1E95C900-AD7A-4804-9735-B9243B93425A}.Debug|Any CPU.Build.0 = Debug|Any CPU
		{1E95C900-AD7A-4804-9735-B9243B93425A}.Release|Any CPU.ActiveCfg = Release|Any CPU
		{1E95C900-AD7A-4804-9735-B9243B93425A}.Release|Any CPU.Build.0 = Release|Any CPU
		{C3131E79-FEFB-488D-98E1-38C6DAAEEB25}.Debug|Any CPU.ActiveCfg = Debug|Any CPU
		{C3131E79-FEFB-488D-98E1-38C6DAAEEB25}.Debug|Any CPU.Build.0 = Debug|Any CPU
		{C3131E79-FEFB-488D-98E1-38C6DAAEEB25}.Release|Any CPU.ActiveCfg = Release|Any CPU
		{C3131E79-FEFB-488D-98E1-38C6DAAEEB25}.Release|Any CPU.Build.0 = Release|Any CPU
	EndGlobalSection
	GlobalSection(SolutionProperties) = preSolution
		HideSolutionNode = FALSE
	EndGlobalSection
	GlobalSection(ExtensibilityGlobals) = postSolution
		SolutionGuid = {50998984-9706-458E-849A-CFF9354C97E9}
	EndGlobalSection
EndGlobal
